
Microsoft Visual Studio Solution File, Format Version 12.00
# Visual Studio 15
Project("{FAE04EC0-301F-11D3-BF4B-00C04F79EFBC}") = "Assembly-CSharp", "Assembly-CSharp.csproj", "{FA2B5EB4-6087-86EB-81BE-566B488E6E15}"
EndProject
Project("{FAE04EC0-301F-11D3-BF4B-00C04F79EFBC}") = "Assembly-CSharp-Editor", "Assembly-CSharp-Editor.csproj", "{FC2159C3-D814-AE5C-0B99-41319B7EB898}"
EndProject
Global
	GlobalSection(SolutionConfigurationPlatforms) = preSolution
		Debug|Any CPU = Debug|Any CPU
		Release|Any CPU = Release|Any CPU
	EndGlobalSection
	GlobalSection(ProjectConfigurationPlatforms) = postSolution
		{FA2B5EB4-6087-86EB-81BE-566B488E6E15}.Debug|Any CPU.ActiveCfg = Debug|Any CPU
		{FA2B5EB4-6087-86EB-81BE-566B488E6E15}.Debug|Any CPU.Build.0 = Debug|Any CPU
		{FA2B5EB4-6087-86EB-81BE-566B488E6E15}.Release|Any CPU.ActiveCfg = Release|Any CPU
		{FA2B5EB4-6087-86EB-81BE-566B488E6E15}.Release|Any CPU.Build.0 = Release|Any CPU
		{FC2159C3-D814-AE5C-0B99-41319B7EB898}.Debug|Any CPU.ActiveCfg = Debug|Any CPU
		{FC2159C3-D814-AE5C-0B99-41319B7EB898}.Debug|Any CPU.Build.0 = Debug|Any CPU
		{FC2159C3-D814-AE5C-0B99-41319B7EB898}.Release|Any CPU.ActiveCfg = Release|Any CPU
		{FC2159C3-D814-AE5C-0B99-41319B7EB898}.Release|Any CPU.Build.0 = Release|Any CPU
	EndGlobalSection
	GlobalSection(SolutionProperties) = preSolution
		HideSolutionNode = FALSE
	EndGlobalSection
EndGlobal
